
Microsoft Visual Studio Solution File, Format Version 12.00
# Visual Studio 15
VisualStudioVersion = 15.0.28307.168
MinimumVisualStudioVersion = 10.0.40219.1
Project("{FAE04EC0-301F-11D3-BF4B-00C04F79EFBC}") = "Client", "Client\Client.csproj", "{F50EA124-989F-465E-98DD-A23AA1163597}"
EndProject
Global
	GlobalSection(SolutionConfigurationPlatforms) = preSolution
		Debug|Any CPU = Debug|Any CPU
		Release|Any CPU = Release|Any CPU
	EndGlobalSection
	GlobalSection(ProjectConfigurationPlatforms) = postSolution
		{F50EA124-989F-465E-98DD-A23AA1163597}.Debug|Any CPU.ActiveCfg = Debug|Any CPU
		{F50EA124-989F-465E-98DD-A23AA1163597}.Debug|Any CPU.Build.0 = Debug|Any CPU
		{F50EA124-989F-465E-98DD-A23AA1163597}.Release|Any CPU.ActiveCfg = Release|Any CPU
		{F50EA124-989F-465E-98DD-A23AA1163597}.Release|Any CPU.Build.0 = Release|Any CPU
	EndGlobalSection
	GlobalSection(SolutionProperties) = preSolution
		HideSolutionNode = FALSE
	EndGlobalSection
	GlobalSection(ExtensibilityGlobals) = postSolution
		SolutionGuid = {6012567F-2604-4E68-A451-88DD2EB17B27}
	EndGlobalSection
EndGlobal
